
Microsoft Visual Studio Solution File, Format Version 12.00
# Visual Studio Version 17
VisualStudioVersion = 17.5.002.0
MinimumVisualStudioVersion = 10.0.40219.1
Project("{9A19103F-16F7-4668-BE54-9A1E7A4F7556}") = "TaskMVC", "TaskMVC.csproj", "{E94652CD-59A6-498F-9292-0904ED22292E}"
EndProject
Global
	GlobalSection(SolutionConfigurationPlatforms) = preSolution
		Debug|Any CPU = Debug|Any CPU
		Release|Any CPU = Release|Any CPU
	EndGlobalSection
	GlobalSection(ProjectConfigurationPlatforms) = postSolution
		{E94652CD-59A6-498F-9292-0904ED22292E}.Debug|Any CPU.ActiveCfg = Debug|Any CPU
		{E94652CD-59A6-498F-9292-0904ED22292E}.Debug|Any CPU.Build.0 = Debug|Any CPU
		{E94652CD-59A6-498F-9292-0904ED22292E}.Release|Any CPU.ActiveCfg = Release|Any CPU
		{E94652CD-59A6-498F-9292-0904ED22292E}.Release|Any CPU.Build.0 = Release|Any CPU
	EndGlobalSection
	GlobalSection(SolutionProperties) = preSolution
		HideSolutionNode = FALSE
	EndGlobalSection
	GlobalSection(ExtensibilityGlobals) = postSolution
		SolutionGuid = {09465D4E-53FA-431D-9690-F8C81843E04F}
	EndGlobalSection
EndGlobal
